# THIS IS AN AUTOGENERATED FILE. DO NOT EDIT THIS FILE DIRECTLY.
# yarn lockfile v1


"@bower_components/animate.css@daneden/animate.css#^3.5.2":
  version "3.7.0"
  resolved "https://codeload.github.com/daneden/animate.css/tar.gz/940e4aef81edc26d3458480adcd475e51bd38df5"

"@bower_components/bootstrap@twbs/bootstrap#^3.3.7":
  version "3.4.0"
  resolved "https://codeload.github.com/twbs/bootstrap/tar.gz/4c547f2175b9a05aa43551f6927da83fe249ce42"

"@bower_components/components-font-awesome@components/font-awesome#^4.7.0":
  version "4.7.0"
  resolved "https://codeload.github.com/components/font-awesome/tar.gz/885308b939369d147bec93174722786bc2c4eedd"

"@bower_components/iCheck@fronteed/iCheck#^1.0.2":
  version "0.0.0"
  resolved "https://codeload.github.com/fronteed/iCheck/tar.gz/8a6eb37bd7dab1e843c1b630c91c6398ff409d05"

"@bower_components/jquery@jquery/jquery-dist#^3.1.1":
  version "3.3.1"
  resolved "https://codeload.github.com/jquery/jquery-dist/tar.gz/9e8ec3d10fad04748176144f108d7355662ae75e"
